{
  "originHash" : "d85b2cf60dbf36da4bd0531f8fd0648bf21683aeadb53dcc609231103180aa75",
  "pins" : [
    {
      "identity" : "tocropviewcontroller",
      "kind" : "remoteSourceControl",
      "location" : "https://github.com/TimOliver/TOCropViewController.git",
      "state" : {
        "revision" : "b73eb2d665a5ba8ea10cdf2682a0f7f0bbb550bb",
        "version" : "3.1.1"
      }
    }
  ],
  "version" : 3
}
